
Microsoft Visual Studio Solution File, Format Version 12.00
# Visual Studio 15
VisualStudioVersion = 15.0.26009.0
MinimumVisualStudioVersion = 10.0.40219.1
Project("{FAE04EC0-301F-11D3-BF4B-00C04F79EFBC}") = "POS", "TrainingForm\POS.csproj", "{0ECD92CB-533F-4013-949B-965E009AFD0C}"
EndProject
Project("{FAE04EC0-301F-11D3-BF4B-00C04F79EFBC}") = "POS.Database", "POS.Database\POS.Database.csproj", "{B42A4E23-A720-4E5A-A8E7-E10FF0183142}"
EndProject
Project("{FAE04EC0-301F-11D3-BF4B-00C04F79EFBC}") = "POS.Product", "POS.Product\POS.Product.csproj", "{FA76863A-47AB-4478-96A4-6F7B4729B3A7}"
EndProject
Global
	GlobalSection(SolutionConfigurationPlatforms) = preSolution
		Debug|Any CPU = Debug|Any CPU
		Release|Any CPU = Release|Any CPU
	EndGlobalSection
	GlobalSection(ProjectConfigurationPlatforms) = postSolution
		{0ECD92CB-533F-4013-949B-965E009AFD0C}.Debug|Any CPU.ActiveCfg = Debug|Any CPU
		{0ECD92CB-533F-4013-949B-965E009AFD0C}.Debug|Any CPU.Build.0 = Debug|Any CPU
		{0ECD92CB-533F-4013-949B-965E009AFD0C}.Release|Any CPU.ActiveCfg = Release|Any CPU
		{0ECD92CB-533F-4013-949B-965E009AFD0C}.Release|Any CPU.Build.0 = Release|Any CPU
		{B42A4E23-A720-4E5A-A8E7-E10FF0183142}.Debug|Any CPU.ActiveCfg = Debug|Any CPU
		{B42A4E23-A720-4E5A-A8E7-E10FF0183142}.Debug|Any CPU.Build.0 = Debug|Any CPU
		{B42A4E23-A720-4E5A-A8E7-E10FF0183142}.Release|Any CPU.ActiveCfg = Release|Any CPU
		{B42A4E23-A720-4E5A-A8E7-E10FF0183142}.Release|Any CPU.Build.0 = Release|Any CPU
		{FA76863A-47AB-4478-96A4-6F7B4729B3A7}.Debug|Any CPU.ActiveCfg = Debug|Any CPU
		{FA76863A-47AB-4478-96A4-6F7B4729B3A7}.Debug|Any CPU.Build.0 = Debug|Any CPU
		{FA76863A-47AB-4478-96A4-6F7B4729B3A7}.Release|Any CPU.ActiveCfg = Release|Any CPU
		{FA76863A-47AB-4478-96A4-6F7B4729B3A7}.Release|Any CPU.Build.0 = Release|Any CPU
	EndGlobalSection
	GlobalSection(SolutionProperties) = preSolution
		HideSolutionNode = FALSE
	EndGlobalSection
EndGlobal
